
Microsoft Visual Studio Solution File, Format Version 12.00
# Visual Studio Version 17
VisualStudioVersion = 17.10.35004.147
MinimumVisualStudioVersion = 10.0.40219.1
Project("{FAE04EC0-301F-11D3-BF4B-00C04F79EFBC}") = "Demo_WCF_NetFramework", "Demo_WCF_NetFramework\Demo_WCF_NetFramework.csproj", "{8F222B3D-13FD-49A5-827C-D7D93A866069}"
EndProject
Global
	GlobalSection(SolutionConfigurationPlatforms) = preSolution
		Debug|Any CPU = Debug|Any CPU
		Release|Any CPU = Release|Any CPU
	EndGlobalSection
	GlobalSection(ProjectConfigurationPlatforms) = postSolution
		{8F222B3D-13FD-49A5-827C-D7D93A866069}.Debug|Any CPU.ActiveCfg = Debug|Any CPU
		{8F222B3D-13FD-49A5-827C-D7D93A866069}.Debug|Any CPU.Build.0 = Debug|Any CPU
		{8F222B3D-13FD-49A5-827C-D7D93A866069}.Release|Any CPU.ActiveCfg = Release|Any CPU
		{8F222B3D-13FD-49A5-827C-D7D93A866069}.Release|Any CPU.Build.0 = Release|Any CPU
	EndGlobalSection
	GlobalSection(SolutionProperties) = preSolution
		HideSolutionNode = FALSE
	EndGlobalSection
	GlobalSection(ExtensibilityGlobals) = postSolution
		SolutionGuid = {97D202C0-9B31-453F-99DB-F8D79CF267C6}
	EndGlobalSection
EndGlobal
